
Microsoft Visual Studio Solution File, Format Version 12.00
# Visual Studio Version 16
VisualStudioVersion = 16.0.30907.101
MinimumVisualStudioVersion = 10.0.40219.1
Project("{FAE04EC0-301F-11D3-BF4B-00C04F79EFBC}") = "DevEvents.API", "DevEvents.API\DevEvents.API.csproj", "{3CF729FF-792A-45D1-9F5B-275BAD4E9BA4}"
EndProject
Global
	GlobalSection(SolutionConfigurationPlatforms) = preSolution
		Debug|Any CPU = Debug|Any CPU
		Release|Any CPU = Release|Any CPU
	EndGlobalSection
	GlobalSection(ProjectConfigurationPlatforms) = postSolution
		{3CF729FF-792A-45D1-9F5B-275BAD4E9BA4}.Debug|Any CPU.ActiveCfg = Debug|Any CPU
		{3CF729FF-792A-45D1-9F5B-275BAD4E9BA4}.Debug|Any CPU.Build.0 = Debug|Any CPU
		{3CF729FF-792A-45D1-9F5B-275BAD4E9BA4}.Release|Any CPU.ActiveCfg = Release|Any CPU
		{3CF729FF-792A-45D1-9F5B-275BAD4E9BA4}.Release|Any CPU.Build.0 = Release|Any CPU
	EndGlobalSection
	GlobalSection(SolutionProperties) = preSolution
		HideSolutionNode = FALSE
	EndGlobalSection
	GlobalSection(ExtensibilityGlobals) = postSolution
		SolutionGuid = {50C85E04-FC09-40DC-BA95-EAC0B7E2F1D0}
	EndGlobalSection
EndGlobal
